
Microsoft Visual Studio Solution File, Format Version 12.00
# Visual Studio 15
Project("{FAE04EC0-301F-11D3-BF4B-00C04F79EFBC}") = "RpgText1", "RpgText1\RpgText1.csproj", "{8FD88965-8388-4DF2-B1B2-2B2B4310322F}"
EndProject
Global
	GlobalSection(SolutionConfigurationPlatforms) = preSolution
		Debug|Any CPU = Debug|Any CPU
		Release|Any CPU = Release|Any CPU
	EndGlobalSection
	GlobalSection(ProjectConfigurationPlatforms) = postSolution
		{8FD88965-8388-4DF2-B1B2-2B2B4310322F}.Debug|Any CPU.ActiveCfg = Debug|Any CPU
		{8FD88965-8388-4DF2-B1B2-2B2B4310322F}.Debug|Any CPU.Build.0 = Debug|Any CPU
		{8FD88965-8388-4DF2-B1B2-2B2B4310322F}.Release|Any CPU.ActiveCfg = Release|Any CPU
		{8FD88965-8388-4DF2-B1B2-2B2B4310322F}.Release|Any CPU.Build.0 = Release|Any CPU
	EndGlobalSection
EndGlobal
